{
  "version": 4,
  "terraform_version": "1.3.9",
  "serial": 38,
  "lineage": "b194b3be-3241-9ef7-464b-9e93b4682263",
  "outputs": {},
  "resources": [
    {
      "mode": "data",
      "type": "google_iam_policy",
      "name": "k8s_deploy",
      "provider": "provider[\"registry.terraform.io/hashicorp/google\"]",
      "instances": [
        {
          "schema_version": 0,
          "attributes": {
            "audit_config": null,
            "binding": [
              {
                "condition": [],
                "members": [
                  "serviceAccount:k8s-deploy-service-account@mot-demo-1.iam.gserviceaccount.com"
                ],
                "role": "roles/container.admin"
              },
              {
                "condition": [],
                "members": [
                  "serviceAccount:k8s-deploy-service-account@mot-demo-1.iam.gserviceaccount.com"
                ],
                "role": "roles/container.clusterViewer"
              }
            ],
            "id": "808992444",
            "policy_data": "{\"bindings\":[{\"members\":[\"serviceAccount:k8s-deploy-service-account@mot-demo-1.iam.gserviceaccount.com\"],\"role\":\"roles/container.admin\"},{\"members\":[\"serviceAccount:k8s-deploy-service-account@mot-demo-1.iam.gserviceaccount.com\"],\"role\":\"roles/container.clusterViewer\"}]}"
          },
          "sensitive_attributes": []
        }
      ]
    },
    {
      "mode": "managed",
      "type": "google_compute_network",
      "name": "vpc",
      "provider": "provider[\"registry.terraform.io/hashicorp/google\"]",
      "instances": [
        {
          "schema_version": 0,
          "attributes": {
            "auto_create_subnetworks": false,
            "delete_default_routes_on_create": false,
            "description": "",
            "enable_ula_internal_ipv6": false,
            "gateway_ipv4": "",
            "id": "projects/mot-demo-1/global/networks/vpc",
            "internal_ipv6_range": "",
            "mtu": 0,
            "name": "vpc",
            "project": "mot-demo-1",
            "routing_mode": "GLOBAL",
            "self_link": "https://www.googleapis.com/compute/v1/projects/mot-demo-1/global/networks/vpc",
            "timeouts": null
          },
          "sensitive_attributes": [],
          "private": "eyJlMmJmYjczMC1lY2FhLTExZTYtOGY4OC0zNDM2M2JjN2M0YzAiOnsiY3JlYXRlIjoxMjAwMDAwMDAwMDAwLCJkZWxldGUiOjEyMDAwMDAwMDAwMDAsInVwZGF0ZSI6MTIwMDAwMDAwMDAwMH19",
          "dependencies": [
            "google_folder.demo",
            "google_project.demo"
          ]
        }
      ]
    },
    {
      "mode": "managed",
      "type": "google_compute_subnetwork",
      "name": "default",
      "provider": "provider[\"registry.terraform.io/hashicorp/google\"]",
      "instances": [
        {
          "schema_version": 0,
          "attributes": {
            "creation_timestamp": "2023-02-28T06:52:37.285-08:00",
            "description": "",
            "external_ipv6_prefix": "",
            "fingerprint": null,
            "gateway_address": "10.10.0.1",
            "id": "projects/mot-demo-1/regions/europe-west4/subnetworks/default-europe-west4",
            "ip_cidr_range": "10.10.0.0/20",
            "ipv6_access_type": "",
            "ipv6_cidr_range": "",
            "log_config": [
              {
                "aggregation_interval": "INTERVAL_10_MIN",
                "filter_expr": "true",
                "flow_sampling": 1,
                "metadata": "INCLUDE_ALL_METADATA",
                "metadata_fields": []
              }
            ],
            "name": "default-europe-west4",
            "network": "https://www.googleapis.com/compute/v1/projects/mot-demo-1/global/networks/vpc",
            "private_ip_google_access": false,
            "private_ipv6_google_access": "DISABLE_GOOGLE_ACCESS",
            "project": "mot-demo-1",
            "purpose": "PRIVATE",
            "region": "europe-west4",
            "role": "",
            "secondary_ip_range": [],
            "self_link": "https://www.googleapis.com/compute/v1/projects/mot-demo-1/regions/europe-west4/subnetworks/default-europe-west4",
            "stack_type": "IPV4_ONLY",
            "timeouts": null
          },
          "sensitive_attributes": [],
          "private": "eyJlMmJmYjczMC1lY2FhLTExZTYtOGY4OC0zNDM2M2JjN2M0YzAiOnsiY3JlYXRlIjoxMjAwMDAwMDAwMDAwLCJkZWxldGUiOjEyMDAwMDAwMDAwMDAsInVwZGF0ZSI6MTIwMDAwMDAwMDAwMH19",
          "dependencies": [
            "google_compute_network.vpc",
            "google_folder.demo",
            "google_project.demo"
          ]
        }
      ]
    },
    {
      "mode": "managed",
      "type": "google_compute_subnetwork",
      "name": "demo",
      "provider": "provider[\"registry.terraform.io/hashicorp/google\"]",
      "instances": [
        {
          "schema_version": 0,
          "attributes": {
            "creation_timestamp": "2023-02-28T06:52:37.095-08:00",
            "description": "",
            "external_ipv6_prefix": "",
            "fingerprint": null,
            "gateway_address": "10.2.0.1",
            "id": "projects/mot-demo-1/regions/europe-west4/subnetworks/demo-europe-west4",
            "ip_cidr_range": "10.2.0.0/16",
            "ipv6_access_type": "",
            "ipv6_cidr_range": "",
            "log_config": [
              {
                "aggregation_interval": "INTERVAL_10_MIN",
                "filter_expr": "true",
                "flow_sampling": 1,
                "metadata": "INCLUDE_ALL_METADATA",
                "metadata_fields": []
              }
            ],
            "name": "demo-europe-west4",
            "network": "https://www.googleapis.com/compute/v1/projects/mot-demo-1/global/networks/vpc",
            "private_ip_google_access": true,
            "private_ipv6_google_access": "DISABLE_GOOGLE_ACCESS",
            "project": "mot-demo-1",
            "purpose": "PRIVATE",
            "region": "europe-west4",
            "role": "",
            "secondary_ip_range": [
              {
                "ip_cidr_range": "10.0.0.0/16",
                "range_name": "pod"
              },
              {
                "ip_cidr_range": "10.1.0.0/16",
                "range_name": "svc"
              }
            ],
            "self_link": "https://www.googleapis.com/compute/v1/projects/mot-demo-1/regions/europe-west4/subnetworks/demo-europe-west4",
            "stack_type": "IPV4_ONLY",
            "timeouts": null
          },
          "sensitive_attributes": [],
          "private": "eyJlMmJmYjczMC1lY2FhLTExZTYtOGY4OC0zNDM2M2JjN2M0YzAiOnsiY3JlYXRlIjoxMjAwMDAwMDAwMDAwLCJkZWxldGUiOjEyMDAwMDAwMDAwMDAsInVwZGF0ZSI6MTIwMDAwMDAwMDAwMH19",
          "dependencies": [
            "google_compute_network.vpc",
            "google_folder.demo",
            "google_project.demo"
          ]
        }
      ]
    },
    {
      "mode": "managed",
      "type": "google_container_cluster",
      "name": "demo",
      "provider": "provider[\"registry.terraform.io/hashicorp/google\"]",
      "instances": [
        {
          "schema_version": 1,
          "attributes": {
            "addons_config": [
              {
                "cloudrun_config": [],
                "config_connector_config": [],
                "dns_cache_config": [],
                "gce_persistent_disk_csi_driver_config": [
                  {
                    "enabled": true
                  }
                ],
                "gcp_filestore_csi_driver_config": [],
                "gke_backup_agent_config": [],
                "horizontal_pod_autoscaling": [],
                "http_load_balancing": [],
                "network_policy_config": [
                  {
                    "disabled": true
                  }
                ]
              }
            ],
            "authenticator_groups_config": [],
            "binary_authorization": [
              {
                "enabled": false,
                "evaluation_mode": ""
              }
            ],
            "cluster_autoscaling": [
              {
                "auto_provisioning_defaults": [],
                "enabled": false,
                "resource_limits": []
              }
            ],
            "cluster_ipv4_cidr": "10.0.0.0/16",
            "confidential_nodes": [],
            "cost_management_config": [],
            "database_encryption": [
              {
                "key_name": "",
                "state": "DECRYPTED"
              }
            ],
            "datapath_provider": "",
            "default_max_pods_per_node": 110,
            "default_snat_status": [
              {
                "disabled": false
              }
            ],
            "description": "",
            "dns_config": [],
            "enable_autopilot": false,
            "enable_binary_authorization": false,
            "enable_intranode_visibility": false,
            "enable_kubernetes_alpha": false,
            "enable_l4_ilb_subsetting": false,
            "enable_legacy_abac": false,
            "enable_shielded_nodes": true,
            "enable_tpu": false,
            "endpoint": "34.147.0.181",
            "gateway_api_config": [],
            "id": "projects/mot-demo-1/locations/europe-west4-a/clusters/demo",
            "initial_node_count": 1,
            "ip_allocation_policy": [
              {
                "cluster_ipv4_cidr_block": "10.0.0.0/16",
                "cluster_secondary_range_name": "pod",
                "services_ipv4_cidr_block": "10.1.0.0/16",
                "services_secondary_range_name": "svc"
              }
            ],
            "label_fingerprint": "a9dc16a7",
            "location": "europe-west4-a",
            "logging_config": [
              {
                "enable_components": [
                  "SYSTEM_COMPONENTS",
                  "WORKLOADS"
                ]
              }
            ],
            "logging_service": "logging.googleapis.com/kubernetes",
            "maintenance_policy": [],
            "master_auth": [
              {
                "client_certificate": "",
                "client_certificate_config": [
                  {
                    "issue_client_certificate": false
                  }
                ],
                "client_key": "",
                "cluster_ca_certificate": "LS0tLS1CRUdJTiBDRVJUSUZJQ0FURS0tLS0tCk1JSUVMRENDQXBTZ0F3SUJBZ0lRUXJ1QjZaeU85TWkyT3hqRzVpbnFQVEFOQmdrcWhraUc5dzBCQVFzRkFEQXYKTVMwd0t3WURWUVFERXlRMVlqbGtNV1V6T1MweU1EZzBMVFExWmpVdFltRTVNeTFsWmpVNE5qRmxNRFZpTlRZdwpJQmNOTWpNd01qSTRNVFF3TXpFM1doZ1BNakExTXpBeU1qQXhOVEF6TVRkYU1DOHhMVEFyQmdOVkJBTVRKRFZpCk9XUXhaVE01TFRJd09EUXRORFZtTlMxaVlUa3pMV1ZtTlRnMk1XVXdOV0kxTmpDQ0FhSXdEUVlKS29aSWh2Y04KQVFFQkJRQURnZ0dQQURDQ0FZb0NnZ0dCQUlteU92WVltb0RYbG1iRUpXN1NmQkkxMy8zMmlSZ1VCTE9RRktNOQpueUtmY0djb29VNjEwYnhCRW9KOUlsRzlFd05LV1l2aUpPSHRkekJpdXZxd3BrbDVVUkNwQkhaQWRxOEpMNm1ECnNtdTU3YVh6VmdwZ0JJN1ZDRThrc29yc2l0TFdERktmV3NwZEtRL09uSzhwU3ZUd3czSFN6dS9GemhFRVR5Nk8KVG1mQnE2UlNLVFQreVYxWEFsUkE5WVBZbWQ0K2ZpK0dPY3JVNVNUemtmbU1ORWx0aFl1UUVNVTlpaWkvQUxxSgpRV3Axb3hTNU40ZkRvUm41VnAvMFYvMmZOUURFSE9sZXJjTFdPeFFaME1qNmx6NDlySTd4bWVRZ2hhb2F3aHJyCnMwUkdVQ1d1N2c4T2ZvdjlqTXFzVVpuNlhNeE1ZaFZ5SmF1QjhiM0dNd1ljeDVRRUVxSGx0VXpoZEp2KzlZM1cKZVNOV0crR1ZXTlZRNSsvb2RySEwrV3ZQRlRIVVZJeUVaZWlEMDY3cG5UbSt4T2UwQ1I1eEpXR2JaSzFQbjI2cQovMVl6cS9sajROV01EbDZsTHBXT0ZwaUJWOHJpTGppK3UxYW9oYnovTWY2a21uS0V0YWhSM0RNSnVVZUxRK2FSCjV4ZEZCNy9KanZMWFV1SkVoWlE5bC9PMVlRSURBUUFCbzBJd1FEQU9CZ05WSFE4QkFmOEVCQU1DQWdRd0R3WUQKVlIwVEFRSC9CQVV3QXdFQi96QWRCZ05WSFE0RUZnUVV1cDRmd3FMZ1JZV0dNZy94N3hTMDVGcGlNakl3RFFZSgpLb1pJaHZjTkFRRUxCUUFEZ2dHQkFHL3JYZUxHL0JFT0FhVTRoOEFhTDFnUVRXbk9obkpGMWN6WGpzTWU5NEhMCmFteEE4bG5VVlJCcDRMQVBzcnA2UUNnVWUzTzBoelRENGs0aDN0UnpiamxzRU9XeWlvVnhiZnQwWGVYRTZqM2oKYkJzY2U0aEY5b1hFa0NCWEhRUHg1R2FYbjdMQ3JRWTBuamg3RVlkOVFtRmpFZ01IUkFGZldnejk2Vm0yZkExNQpudHdLOUxtam5ERHpBdlJlUXkrMGsyTytVN3JOamtpMmRneGJmRXc0OE83STFtSlhwY09OWG1xdGNqMjBPemV0CnBRd2tHWlkvQmtmcmZFSGtMOW9LYU45R1ZpVEtqUHp5c08rcENreHR6VXBZcTczTjQyMGw4dmNRbWFwMlByK28KTWhnK1pDRVNVR1pzZlgrenAvZFNualVabklsOWo5TmhqZDVyYkhQL1d3MUViVXRjYjhobE1DTDVUYUV3S2p3MQp3UEJDVk12MnA2LzhtaUZzdnZvOXl3VDB0RWFTN0o0Wjc3OU1zME5zclFiOVgrOFFpZ0ZCSEJYYW5iWlF6QWtzCjVFb3VrMHozRWtqczZrZWVJelNmQjBHcktlK25Sa0JpZnB2Q3dvTGRPcmR4Q0doR3VKWHY3VmV4Q1p2QmhxMFEKZVJFcTM4dlVWNitKSXh1ZU56a0FSQT09Ci0tLS0tRU5EIENFUlRJRklDQVRFLS0tLS0K"
              }
            ],
            "master_authorized_networks_config": [],
            "master_version": "1.24.9-gke.2000",
            "mesh_certificates": [],
            "min_master_version": null,
            "monitoring_config": [
              {
                "enable_components": [
                  "SYSTEM_COMPONENTS"
                ],
                "managed_prometheus": []
              }
            ],
            "monitoring_service": "monitoring.googleapis.com/kubernetes",
            "name": "demo",
            "network": "projects/mot-demo-1/global/networks/vpc",
            "network_policy": [
              {
                "enabled": false,
                "provider": "PROVIDER_UNSPECIFIED"
              }
            ],
            "networking_mode": "VPC_NATIVE",
            "node_config": [
              {
                "boot_disk_kms_key": "",
                "disk_size_gb": 100,
                "disk_type": "pd-balanced",
                "gcfs_config": [],
                "guest_accelerator": [],
                "gvnic": [],
                "image_type": "COS_CONTAINERD",
                "kubelet_config": [],
                "labels": {},
                "linux_node_config": [],
                "local_ssd_count": 0,
                "logging_variant": "DEFAULT",
                "machine_type": "e2-medium",
                "metadata": {
                  "disable-legacy-endpoints": "true"
                },
                "min_cpu_platform": "",
                "node_group": "",
                "oauth_scopes": [
                  "https://www.googleapis.com/auth/cloud-platform"
                ],
                "preemptible": true,
                "reservation_affinity": [],
                "resource_labels": {},
                "service_account": "cluster-sa-demo@mot-demo-1.iam.gserviceaccount.com",
                "shielded_instance_config": [
                  {
                    "enable_integrity_monitoring": true,
                    "enable_secure_boot": false
                  }
                ],
                "spot": false,
                "tags": [],
                "taint": [],
                "workload_metadata_config": [
                  {
                    "mode": "GKE_METADATA"
                  }
                ]
              }
            ],
            "node_locations": [],
            "node_pool": [
              {
                "autoscaling": [],
                "initial_node_count": 1,
                "instance_group_urls": [
                  "https://www.googleapis.com/compute/v1/projects/mot-demo-1/zones/europe-west4-a/instanceGroupManagers/gke-demo-demo-node-pool-0c6ac66c-grp"
                ],
                "managed_instance_group_urls": [
                  "https://www.googleapis.com/compute/v1/projects/mot-demo-1/zones/europe-west4-a/instanceGroups/gke-demo-demo-node-pool-0c6ac66c-grp"
                ],
                "management": [
                  {
                    "auto_repair": true,
                    "auto_upgrade": true
                  }
                ],
                "max_pods_per_node": 110,
                "name": "demo-node-pool",
                "name_prefix": "",
                "network_config": [
                  {
                    "create_pod_range": false,
                    "enable_private_nodes": false,
                    "pod_ipv4_cidr_block": "10.0.0.0/16",
                    "pod_range": "pod"
                  }
                ],
                "node_config": [
                  {
                    "boot_disk_kms_key": "",
                    "disk_size_gb": 100,
                    "disk_type": "pd-balanced",
                    "gcfs_config": [],
                    "guest_accelerator": [],
                    "gvnic": [],
                    "image_type": "COS_CONTAINERD",
                    "kubelet_config": [],
                    "labels": {},
                    "linux_node_config": [],
                    "local_ssd_count": 0,
                    "logging_variant": "DEFAULT",
                    "machine_type": "e2-medium",
                    "metadata": {
                      "disable-legacy-endpoints": "true"
                    },
                    "min_cpu_platform": "",
                    "node_group": "",
                    "oauth_scopes": [
                      "https://www.googleapis.com/auth/cloud-platform"
                    ],
                    "preemptible": true,
                    "reservation_affinity": [],
                    "resource_labels": {},
                    "service_account": "cluster-sa-demo@mot-demo-1.iam.gserviceaccount.com",
                    "shielded_instance_config": [
                      {
                        "enable_integrity_monitoring": true,
                        "enable_secure_boot": false
                      }
                    ],
                    "spot": false,
                    "tags": [],
                    "taint": [],
                    "workload_metadata_config": [
                      {
                        "mode": "GKE_METADATA"
                      }
                    ]
                  }
                ],
                "node_count": 1,
                "node_locations": [
                  "europe-west4-a"
                ],
                "placement_policy": [],
                "upgrade_settings": [
                  {
                    "blue_green_settings": [],
                    "max_surge": 1,
                    "max_unavailable": 0,
                    "strategy": "SURGE"
                  }
                ],
                "version": "1.24.9-gke.2000"
              }
            ],
            "node_pool_defaults": [
              {
                "node_config_defaults": [
                  {
                    "logging_variant": "DEFAULT"
                  }
                ]
              }
            ],
            "node_version": "1.24.9-gke.2000",
            "notification_config": [
              {
                "pubsub": [
                  {
                    "enabled": false,
                    "filter": [],
                    "topic": ""
                  }
                ]
              }
            ],
            "operation": null,
            "private_cluster_config": [
              {
                "enable_private_endpoint": false,
                "enable_private_nodes": false,
                "master_global_access_config": [
                  {
                    "enabled": false
                  }
                ],
                "master_ipv4_cidr_block": "",
                "peering_name": "",
                "private_endpoint": "10.2.0.2",
                "private_endpoint_subnetwork": "",
                "public_endpoint": "34.147.0.181"
              }
            ],
            "private_ipv6_google_access": "",
            "project": "mot-demo-1",
            "release_channel": [
              {
                "channel": "REGULAR"
              }
            ],
            "remove_default_node_pool": true,
            "resource_labels": {},
            "resource_usage_export_config": [],
            "self_link": "https://container.googleapis.com/v1/projects/mot-demo-1/zones/europe-west4-a/clusters/demo",
            "service_external_ips_config": [
              {
                "enabled": false
              }
            ],
            "services_ipv4_cidr": "10.1.0.0/16",
            "subnetwork": "projects/mot-demo-1/regions/europe-west4/subnetworks/demo-europe-west4",
            "timeouts": null,
            "tpu_ipv4_cidr_block": "",
            "vertical_pod_autoscaling": [],
            "workload_identity_config": [
              {
                "workload_pool": "mot-demo-1.svc.id.goog"
              }
            ]
          },
          "sensitive_attributes": [],
          "private": "eyJlMmJmYjczMC1lY2FhLTExZTYtOGY4OC0zNDM2M2JjN2M0YzAiOnsiY3JlYXRlIjoyNDAwMDAwMDAwMDAwLCJkZWxldGUiOjI0MDAwMDAwMDAwMDAsInJlYWQiOjI0MDAwMDAwMDAwMDAsInVwZGF0ZSI6MzYwMDAwMDAwMDAwMH0sInNjaGVtYV92ZXJzaW9uIjoiMSJ9",
          "dependencies": [
            "google_compute_network.vpc",
            "google_compute_subnetwork.demo",
            "google_folder.demo",
            "google_project.demo",
            "google_project_iam_binding.container_hostServiceAgent",
            "google_project_iam_member.compute_networkuser_cloudservices",
            "google_project_iam_member.compute_networkuser_container",
            "google_project_service.compute",
            "google_project_service.container"
          ]
        }
      ]
    },
    {
      "mode": "managed",
      "type": "google_container_node_pool",
      "name": "primary_preemptible_nodes",
      "provider": "provider[\"registry.terraform.io/hashicorp/google\"]",
      "instances": [
        {
          "schema_version": 1,
          "attributes": {
            "autoscaling": [],
            "cluster": "demo",
            "id": "projects/mot-demo-1/locations/europe-west4-a/clusters/demo/nodePools/demo-node-pool",
            "initial_node_count": 1,
            "instance_group_urls": [
              "https://www.googleapis.com/compute/v1/projects/mot-demo-1/zones/europe-west4-a/instanceGroupManagers/gke-demo-demo-node-pool-0c6ac66c-grp"
            ],
            "location": "europe-west4-a",
            "managed_instance_group_urls": [
              "https://www.googleapis.com/compute/v1/projects/mot-demo-1/zones/europe-west4-a/instanceGroups/gke-demo-demo-node-pool-0c6ac66c-grp"
            ],
            "management": [
              {
                "auto_repair": true,
                "auto_upgrade": true
              }
            ],
            "max_pods_per_node": 110,
            "name": "demo-node-pool",
            "name_prefix": "",
            "network_config": [
              {
                "create_pod_range": false,
                "enable_private_nodes": false,
                "pod_ipv4_cidr_block": "10.0.0.0/16",
                "pod_range": "pod"
              }
            ],
            "node_config": [
              {
                "boot_disk_kms_key": "",
                "disk_size_gb": 100,
                "disk_type": "pd-balanced",
                "gcfs_config": [],
                "guest_accelerator": [],
                "gvnic": [],
                "image_type": "COS_CONTAINERD",
                "kubelet_config": [],
                "labels": {},
                "linux_node_config": [],
                "local_ssd_count": 0,
                "logging_variant": "DEFAULT",
                "machine_type": "e2-medium",
                "metadata": {
                  "disable-legacy-endpoints": "true"
                },
                "min_cpu_platform": "",
                "node_group": "",
                "oauth_scopes": [
                  "https://www.googleapis.com/auth/cloud-platform"
                ],
                "preemptible": true,
                "reservation_affinity": [],
                "resource_labels": {},
                "service_account": "cluster-sa-demo@mot-demo-1.iam.gserviceaccount.com",
                "shielded_instance_config": [
                  {
                    "enable_integrity_monitoring": true,
                    "enable_secure_boot": false
                  }
                ],
                "spot": false,
                "tags": [],
                "taint": [],
                "workload_metadata_config": [
                  {
                    "mode": "GKE_METADATA"
                  }
                ]
              }
            ],
            "node_count": 1,
            "node_locations": [
              "europe-west4-a"
            ],
            "operation": null,
            "placement_policy": [],
            "project": "mot-demo-1",
            "timeouts": null,
            "upgrade_settings": [
              {
                "blue_green_settings": [],
                "max_surge": 1,
                "max_unavailable": 0,
                "strategy": "SURGE"
              }
            ],
            "version": "1.24.9-gke.2000"
          },
          "sensitive_attributes": [],
          "private": "eyJlMmJmYjczMC1lY2FhLTExZTYtOGY4OC0zNDM2M2JjN2M0YzAiOnsiY3JlYXRlIjoxODAwMDAwMDAwMDAwLCJkZWxldGUiOjE4MDAwMDAwMDAwMDAsInVwZGF0ZSI6MTgwMDAwMDAwMDAwMH0sInNjaGVtYV92ZXJzaW9uIjoiMSJ9",
          "dependencies": [
            "google_compute_network.vpc",
            "google_compute_subnetwork.demo",
            "google_container_cluster.demo",
            "google_folder.demo",
            "google_project.demo",
            "google_project_iam_binding.container_hostServiceAgent",
            "google_project_iam_member.compute_networkuser_cloudservices",
            "google_project_iam_member.compute_networkuser_container",
            "google_project_service.compute",
            "google_project_service.container",
            "google_service_account.demo"
          ]
        }
      ]
    },
    {
      "mode": "managed",
      "type": "google_folder",
      "name": "demo",
      "provider": "provider[\"registry.terraform.io/hashicorp/google\"]",
      "instances": [
        {
          "schema_version": 0,
          "attributes": {
            "create_time": "2023-02-28T14:35:30.193Z",
            "display_name": "MOT eggs demo",
            "folder_id": "53632486836",
            "id": "folders/53632486836",
            "lifecycle_state": "ACTIVE",
            "name": "folders/53632486836",
            "parent": "folders/435823098599",
            "timeouts": null
          },
          "sensitive_attributes": [],
          "private": "eyJlMmJmYjczMC1lY2FhLTExZTYtOGY4OC0zNDM2M2JjN2M0YzAiOnsiY3JlYXRlIjoyNDAwMDAwMDAwMDAsImRlbGV0ZSI6MjQwMDAwMDAwMDAwLCJyZWFkIjoyNDAwMDAwMDAwMDAsInVwZGF0ZSI6MjQwMDAwMDAwMDAwfX0="
        }
      ]
    },
    {
      "mode": "managed",
      "type": "google_project",
      "name": "demo",
      "provider": "provider[\"registry.terraform.io/hashicorp/google\"]",
      "instances": [
        {
          "schema_version": 1,
          "attributes": {
            "auto_create_network": false,
            "billing_account": "0112E5-5244B8-3BBF73",
            "folder_id": "53632486836",
            "id": "projects/mot-demo-1",
            "labels": {},
            "name": "MOT eggs demo",
            "number": "238695427834",
            "org_id": "",
            "project_id": "mot-demo-1",
            "skip_delete": null,
            "timeouts": null
          },
          "sensitive_attributes": [],
          "private": "eyJlMmJmYjczMC1lY2FhLTExZTYtOGY4OC0zNDM2M2JjN2M0YzAiOnsiY3JlYXRlIjo2MDAwMDAwMDAwMDAsImRlbGV0ZSI6NjAwMDAwMDAwMDAwLCJyZWFkIjo2MDAwMDAwMDAwMDAsInVwZGF0ZSI6NjAwMDAwMDAwMDAwfSwic2NoZW1hX3ZlcnNpb24iOiIxIn0=",
          "dependencies": [
            "google_folder.demo"
          ]
        }
      ]
    },
    {
      "mode": "managed",
      "type": "google_project_iam_binding",
      "name": "container_hostServiceAgent",
      "provider": "provider[\"registry.terraform.io/hashicorp/google\"]",
      "instances": [
        {
          "schema_version": 0,
          "attributes": {
            "condition": [],
            "etag": "BwX1w74aXvs=",
            "id": "mot-demo-1/roles/container.hostServiceAgentUser",
            "members": [
              "serviceAccount:238695427834@cloudservices.gserviceaccount.com",
              "serviceAccount:service-238695427834@container-engine-robot.iam.gserviceaccount.com"
            ],
            "project": "mot-demo-1",
            "role": "roles/container.hostServiceAgentUser"
          },
          "sensitive_attributes": [],
          "private": "bnVsbA==",
          "dependencies": [
            "google_folder.demo",
            "google_project.demo"
          ]
        }
      ]
    },
    {
      "mode": "managed",
      "type": "google_project_iam_binding",
      "name": "vpc_network_security_admin",
      "provider": "provider[\"registry.terraform.io/hashicorp/google\"]",
      "instances": [
        {
          "schema_version": 0,
          "attributes": {
            "condition": [],
            "etag": "BwX1w74aXvs=",
            "id": "mot-demo-1/projects/mot-demo-1/roles/host_project_network_security_admin",
            "members": [
              "serviceAccount:service-238695427834@container-engine-robot.iam.gserviceaccount.com"
            ],
            "project": "mot-demo-1",
            "role": "projects/mot-demo-1/roles/host_project_network_security_admin"
          },
          "sensitive_attributes": [],
          "private": "bnVsbA==",
          "dependencies": [
            "google_folder.demo",
            "google_project.demo"
          ]
        }
      ]
    },
    {
      "mode": "managed",
      "type": "google_project_iam_custom_role",
      "name": "host_project_network_security_admin",
      "provider": "provider[\"registry.terraform.io/hashicorp/google\"]",
      "instances": [
        {
          "schema_version": 0,
          "attributes": {
            "deleted": false,
            "description": "This role allows to administer network and security of the host project. Intended for use by GKE automation on service projects.",
            "id": "projects/mot-demo-1/roles/host_project_network_security_admin",
            "name": "projects/mot-demo-1/roles/host_project_network_security_admin",
            "permissions": [
              "compute.firewalls.create",
              "compute.firewalls.delete",
              "compute.firewalls.get",
              "compute.firewalls.list",
              "compute.firewalls.update",
              "compute.networks.updatePolicy"
            ],
            "project": "mot-demo-1",
            "role_id": "host_project_network_security_admin",
            "stage": "GA",
            "title": "Host Project Network and Security Admin"
          },
          "sensitive_attributes": [],
          "private": "bnVsbA=="
        }
      ]
    },
    {
      "mode": "managed",
      "type": "google_project_iam_member",
      "name": "compute_networkuser_cloudservices",
      "provider": "provider[\"registry.terraform.io/hashicorp/google\"]",
      "instances": [
        {
          "schema_version": 0,
          "attributes": {
            "condition": [],
            "etag": "BwX1w74aXvs=",
            "id": "mot-demo-1/roles/compute.networkUser/serviceAccount:238695427834@cloudservices.gserviceaccount.com",
            "member": "serviceAccount:238695427834@cloudservices.gserviceaccount.com",
            "project": "mot-demo-1",
            "role": "roles/compute.networkUser"
          },
          "sensitive_attributes": [],
          "private": "bnVsbA==",
          "dependencies": [
            "google_folder.demo",
            "google_project.demo"
          ]
        }
      ]
    },
    {
      "mode": "managed",
      "type": "google_project_iam_member",
      "name": "compute_networkuser_container",
      "provider": "provider[\"registry.terraform.io/hashicorp/google\"]",
      "instances": [
        {
          "schema_version": 0,
          "attributes": {
            "condition": [],
            "etag": "BwX1w74aXvs=",
            "id": "mot-demo-1/roles/compute.networkUser/serviceAccount:service-238695427834@container-engine-robot.iam.gserviceaccount.com",
            "member": "serviceAccount:service-238695427834@container-engine-robot.iam.gserviceaccount.com",
            "project": "mot-demo-1",
            "role": "roles/compute.networkUser"
          },
          "sensitive_attributes": [],
          "private": "bnVsbA==",
          "dependencies": [
            "google_folder.demo",
            "google_project.demo"
          ]
        }
      ]
    },
    {
      "mode": "managed",
      "type": "google_project_iam_member",
      "name": "k8s_deploy_gcr_access",
      "provider": "provider[\"registry.terraform.io/hashicorp/google\"]",
      "instances": [
        {
          "schema_version": 0,
          "attributes": {
            "condition": [],
            "etag": "BwX1xDUlax0=",
            "id": "mot-demo-1/roles/storage.admin/serviceAccount:k8s-deploy-service-account@mot-demo-1.iam.gserviceaccount.com",
            "member": "serviceAccount:k8s-deploy-service-account@mot-demo-1.iam.gserviceaccount.com",
            "project": "mot-demo-1",
            "role": "roles/storage.admin"
          },
          "sensitive_attributes": [],
          "private": "bnVsbA==",
          "dependencies": [
            "google_project.demo",
            "google_service_account.k8s_deploy"
          ]
        }
      ]
    },
    {
      "mode": "managed",
      "type": "google_project_service",
      "name": "compute",
      "provider": "provider[\"registry.terraform.io/hashicorp/google\"]",
      "instances": [
        {
          "schema_version": 0,
          "attributes": {
            "disable_dependent_services": null,
            "disable_on_destroy": true,
            "id": "mot-demo-1/compute.googleapis.com",
            "project": "mot-demo-1",
            "service": "compute.googleapis.com",
            "timeouts": null
          },
          "sensitive_attributes": [],
          "private": "eyJlMmJmYjczMC1lY2FhLTExZTYtOGY4OC0zNDM2M2JjN2M0YzAiOnsiY3JlYXRlIjoxMjAwMDAwMDAwMDAwLCJkZWxldGUiOjEyMDAwMDAwMDAwMDAsInJlYWQiOjYwMDAwMDAwMDAwMCwidXBkYXRlIjoxMjAwMDAwMDAwMDAwfX0=",
          "dependencies": [
            "google_folder.demo",
            "google_project.demo"
          ]
        }
      ]
    },
    {
      "mode": "managed",
      "type": "google_project_service",
      "name": "container",
      "provider": "provider[\"registry.terraform.io/hashicorp/google\"]",
      "instances": [
        {
          "schema_version": 0,
          "attributes": {
            "disable_dependent_services": null,
            "disable_on_destroy": true,
            "id": "mot-demo-1/container.googleapis.com",
            "project": "mot-demo-1",
            "service": "container.googleapis.com",
            "timeouts": null
          },
          "sensitive_attributes": [],
          "private": "eyJlMmJmYjczMC1lY2FhLTExZTYtOGY4OC0zNDM2M2JjN2M0YzAiOnsiY3JlYXRlIjoxMjAwMDAwMDAwMDAwLCJkZWxldGUiOjEyMDAwMDAwMDAwMDAsInJlYWQiOjYwMDAwMDAwMDAwMCwidXBkYXRlIjoxMjAwMDAwMDAwMDAwfX0=",
          "dependencies": [
            "google_folder.demo",
            "google_project.demo"
          ]
        }
      ]
    },
    {
      "mode": "managed",
      "type": "google_project_service",
      "name": "vpcaccess",
      "provider": "provider[\"registry.terraform.io/hashicorp/google\"]",
      "instances": [
        {
          "schema_version": 0,
          "attributes": {
            "disable_dependent_services": null,
            "disable_on_destroy": true,
            "id": "mot-demo-1/vpcaccess.googleapis.com",
            "project": "mot-demo-1",
            "service": "vpcaccess.googleapis.com",
            "timeouts": null
          },
          "sensitive_attributes": [],
          "private": "eyJlMmJmYjczMC1lY2FhLTExZTYtOGY4OC0zNDM2M2JjN2M0YzAiOnsiY3JlYXRlIjoxMjAwMDAwMDAwMDAwLCJkZWxldGUiOjEyMDAwMDAwMDAwMDAsInJlYWQiOjYwMDAwMDAwMDAwMCwidXBkYXRlIjoxMjAwMDAwMDAwMDAwfX0=",
          "dependencies": [
            "google_folder.demo",
            "google_project.demo"
          ]
        }
      ]
    },
    {
      "mode": "managed",
      "type": "google_service_account",
      "name": "demo",
      "provider": "provider[\"registry.terraform.io/hashicorp/google\"]",
      "instances": [
        {
          "schema_version": 0,
          "attributes": {
            "account_id": "cluster-sa-demo",
            "description": "",
            "disabled": false,
            "display_name": "Demo GKE Service Account",
            "email": "cluster-sa-demo@mot-demo-1.iam.gserviceaccount.com",
            "id": "projects/mot-demo-1/serviceAccounts/cluster-sa-demo@mot-demo-1.iam.gserviceaccount.com",
            "member": "serviceAccount:cluster-sa-demo@mot-demo-1.iam.gserviceaccount.com",
            "name": "projects/mot-demo-1/serviceAccounts/cluster-sa-demo@mot-demo-1.iam.gserviceaccount.com",
            "project": "mot-demo-1",
            "timeouts": null,
            "unique_id": "117429416536255630870"
          },
          "sensitive_attributes": [],
          "private": "eyJlMmJmYjczMC1lY2FhLTExZTYtOGY4OC0zNDM2M2JjN2M0YzAiOnsiY3JlYXRlIjozMDAwMDAwMDAwMDB9fQ==",
          "dependencies": [
            "google_folder.demo",
            "google_project.demo"
          ]
        }
      ]
    },
    {
      "mode": "managed",
      "type": "google_service_account",
      "name": "k8s_deploy",
      "provider": "provider[\"registry.terraform.io/hashicorp/google\"]",
      "instances": [
        {
          "schema_version": 0,
          "attributes": {
            "account_id": "k8s-deploy-service-account",
            "description": "",
            "disabled": false,
            "display_name": "K8S Deployment Service Account",
            "email": "k8s-deploy-service-account@mot-demo-1.iam.gserviceaccount.com",
            "id": "projects/mot-demo-1/serviceAccounts/k8s-deploy-service-account@mot-demo-1.iam.gserviceaccount.com",
            "member": "serviceAccount:k8s-deploy-service-account@mot-demo-1.iam.gserviceaccount.com",
            "name": "projects/mot-demo-1/serviceAccounts/k8s-deploy-service-account@mot-demo-1.iam.gserviceaccount.com",
            "project": "mot-demo-1",
            "timeouts": null,
            "unique_id": "108115704720965948136"
          },
          "sensitive_attributes": [],
          "private": "eyJlMmJmYjczMC1lY2FhLTExZTYtOGY4OC0zNDM2M2JjN2M0YzAiOnsiY3JlYXRlIjozMDAwMDAwMDAwMDB9fQ==",
          "dependencies": [
            "google_project.demo"
          ]
        }
      ]
    }
  ],
  "check_results": null
}
